
Microsoft Visual Studio Solution File, Format Version 12.00
# Visual Studio 15
VisualStudioVersion = 15.0.27130.2036
MinimumVisualStudioVersion = 10.0.40219.1
Project("{FAE04EC0-301F-11D3-BF4B-00C04F79EFBC}") = "ParkingLotSimulation", "ParkingLotSimulation\ParkingLotSimulation.csproj", "{F41D2427-7F85-423D-A382-09F92BE6443D}"
EndProject
Global
	GlobalSection(SolutionConfigurationPlatforms) = preSolution
		Debug|Any CPU = Debug|Any CPU
		Release|Any CPU = Release|Any CPU
	EndGlobalSection
	GlobalSection(ProjectConfigurationPlatforms) = postSolution
		{F41D2427-7F85-423D-A382-09F92BE6443D}.Debug|Any CPU.ActiveCfg = Debug|Any CPU
		{F41D2427-7F85-423D-A382-09F92BE6443D}.Debug|Any CPU.Build.0 = Debug|Any CPU
		{F41D2427-7F85-423D-A382-09F92BE6443D}.Release|Any CPU.ActiveCfg = Release|Any CPU
		{F41D2427-7F85-423D-A382-09F92BE6443D}.Release|Any CPU.Build.0 = Release|Any CPU
	EndGlobalSection
	GlobalSection(SolutionProperties) = preSolution
		HideSolutionNode = FALSE
	EndGlobalSection
	GlobalSection(ExtensibilityGlobals) = postSolution
		SolutionGuid = {7A71EF5C-5715-4353-B9CF-080CAA76C563}
	EndGlobalSection
EndGlobal
